// !$*UTF8*$!
{
	archiveVersion = 1;
	classes = {
	};
	objectVersion = 55;
	objects = {

/* Begin PBXBuildFile section */
		0A1E095E51B821E5DFD667E3 /* Pods_Sosmed.framework in Frameworks */ = {isa = PBXBuildFile; fileRef = 393F802D7CF1044B6B26ACD1 /* Pods_Sosmed.framework */; };
		772B1CFA8011699D067361E9 /* Pods_SosmedTests.framework in Frameworks */ = {isa = PBXBuildFile; fileRef = A7EF9D4FFFD91FA8BBEC2EF3 /* Pods_SosmedTests.framework */; };
		7AFE6403BA114F2CE57D32EE /* Pods_Sosmed_SosmedUITests.framework in Frameworks */ = {isa = PBXBuildFile; fileRef = A52D0EADEDFA9C54BE836830 /* Pods_Sosmed_SosmedUITests.framework */; };
		E12C1416282760DB00D0BAA2 /* HomeCell.xib in Resources */ = {isa = PBXBuildFile; fileRef = E12C1415282760DB00D0BAA2 /* HomeCell.xib */; };
		E12C1418282760E500D0BAA2 /* HomeCell.swift in Sources */ = {isa = PBXBuildFile; fileRef = E12C1417282760E500D0BAA2 /* HomeCell.swift */; };
		E12C141B282771CE00D0BAA2 /* UserModel.swift in Sources */ = {isa = PBXBuildFile; fileRef = E12C141A282771CE00D0BAA2 /* UserModel.swift */; };
		E12C141E282771FE00D0BAA2 /* UserViewModel.swift in Sources */ = {isa = PBXBuildFile; fileRef = E12C141D282771FE00D0BAA2 /* UserViewModel.swift */; };
		E19FD5242825127300A4178A /* Service.swift in Sources */ = {isa = PBXBuildFile; fileRef = E19FD5232825127300A4178A /* Service.swift */; };
		E19FD5262825152700A4178A /* PostModel.swift in Sources */ = {isa = PBXBuildFile; fileRef = E19FD5252825152700A4178A /* PostModel.swift */; };
		E19FD528282529AD00A4178A /* HomeViewModel.swift in Sources */ = {isa = PBXBuildFile; fileRef = E19FD527282529AD00A4178A /* HomeViewModel.swift */; };
		E19FD52B28255F0A00A4178A /* Constant.swift in Sources */ = {isa = PBXBuildFile; fileRef = E19FD52A28255F0A00A4178A /* Constant.swift */; };
		E1EF00C7281FF9050026A4FA /* AppDelegate.swift in Sources */ = {isa = PBXBuildFile; fileRef = E1EF00C6281FF9050026A4FA /* AppDelegate.swift */; };
		E1EF00C9281FF9050026A4FA /* SceneDelegate.swift in Sources */ = {isa = PBXBuildFile; fileRef = E1EF00C8281FF9050026A4FA /* SceneDelegate.swift */; };
		E1EF00CB281FF9050026A4FA /* PostController.swift in Sources */ = {isa = PBXBuildFile; fileRef = E1EF00CA281FF9050026A4FA /* PostController.swift */; };
		E1EF00D0281FF9060026A4FA /* Assets.xcassets in Resources */ = {isa = PBXBuildFile; fileRef = E1EF00CF281FF9060026A4FA /* Assets.xcassets */; };
		E1EF00D3281FF9060026A4FA /* LaunchScreen.storyboard in Resources */ = {isa = PBXBuildFile; fileRef = E1EF00D1281FF9060026A4FA /* LaunchScreen.storyboard */; };
		E1EF00DE281FF9060026A4FA /* SosmedTests.swift in Sources */ = {isa = PBXBuildFile; fileRef = E1EF00DD281FF9060026A4FA /* SosmedTests.swift */; };
		E1EF00E8281FF9060026A4FA /* SosmedUITests.swift in Sources */ = {isa = PBXBuildFile; fileRef = E1EF00E7281FF9060026A4FA /* SosmedUITests.swift */; };
		E1EF00EA281FF9060026A4FA /* SosmedUITestsLaunchTests.swift in Sources */ = {isa = PBXBuildFile; fileRef = E1EF00E9281FF9060026A4FA /* SosmedUITestsLaunchTests.swift */; };
		E1EF00FE281FFA6A0026A4FA /* ControllerExtension.swift in Sources */ = {isa = PBXBuildFile; fileRef = E1EF00FD281FFA6A0026A4FA /* ControllerExtension.swift */; };
		E1EF01012820EF4B0026A4FA /* HomeController.swift in Sources */ = {isa = PBXBuildFile; fileRef = E1EF01002820EF4B0026A4FA /* HomeController.swift */; };
		E1EF01032820EF650026A4FA /* Home.storyboard in Resources */ = {isa = PBXBuildFile; fileRef = E1EF01022820EF650026A4FA /* Home.storyboard */; };
		E1EF01052820F03F0026A4FA /* PostController.xib in Resources */ = {isa = PBXBuildFile; fileRef = E1EF01042820F03F0026A4FA /* PostController.xib */; };
/* End PBXBuildFile section */

/* Begin PBXContainerItemProxy section */
		E1EF00DA281FF9060026A4FA /* PBXContainerItemProxy */ = {
			isa = PBXContainerItemProxy;
			containerPortal = E1EF00BB281FF9050026A4FA /* Project object */;
			proxyType = 1;
			remoteGlobalIDString = E1EF00C2281FF9050026A4FA;
			remoteInfo = Sosmed;
		};
		E1EF00E4281FF9060026A4FA /* PBXContainerItemProxy */ = {
			isa = PBXContainerItemProxy;
			containerPortal = E1EF00BB281FF9050026A4FA /* Project object */;
			proxyType = 1;
			remoteGlobalIDString = E1EF00C2281FF9050026A4FA;
			remoteInfo = Sosmed;
		};
/* End PBXContainerItemProxy section */

/* Begin PBXFileReference section */
		0B4B49FDF5010C05ED7F8C3D /* Pods-Sosmed-SosmedUITests.release.xcconfig */ = {isa = PBXFileReference; includeInIndex = 1; lastKnownFileType = text.xcconfig; name = "Pods-Sosmed-SosmedUITests.release.xcconfig"; path = "Target Support Files/Pods-Sosmed-SosmedUITests/Pods-Sosmed-SosmedUITests.release.xcconfig"; sourceTree = "<group>"; };
		244BE852C0C0E7DE32A55C1D /* Pods-Sosmed.debug.xcconfig */ = {isa = PBXFileReference; includeInIndex = 1; lastKnownFileType = text.xcconfig; name = "Pods-Sosmed.debug.xcconfig"; path = "Target Support Files/Pods-Sosmed/Pods-Sosmed.debug.xcconfig"; sourceTree = "<group>"; };
		393F802D7CF1044B6B26ACD1 /* Pods_Sosmed.framework */ = {isa = PBXFileReference; explicitFileType = wrapper.framework; includeInIndex = 0; path = Pods_Sosmed.framework; sourceTree = BUILT_PRODUCTS_DIR; };
		80A65DF9042AFD7B2E8A31D1 /* Pods-Sosmed.release.xcconfig */ = {isa = PBXFileReference; includeInIndex = 1; lastKnownFileType = text.xcconfig; name = "Pods-Sosmed.release.xcconfig"; path = "Target Support Files/Pods-Sosmed/Pods-Sosmed.release.xcconfig"; sourceTree = "<group>"; };
		A52D0EADEDFA9C54BE836830 /* Pods_Sosmed_SosmedUITests.framework */ = {isa = PBXFileReference; explicitFileType = wrapper.framework; includeInIndex = 0; path = Pods_Sosmed_SosmedUITests.framework; sourceTree = BUILT_PRODUCTS_DIR; };
		A7EF9D4FFFD91FA8BBEC2EF3 /* Pods_SosmedTests.framework */ = {isa = PBXFileReference; explicitFileType = wrapper.framework; includeInIndex = 0; path = Pods_SosmedTests.framework; sourceTree = BUILT_PRODUCTS_DIR; };
		C2D9AB83D49F34F54A9103D9 /* Pods-SosmedTests.debug.xcconfig */ = {isa = PBXFileReference; includeInIndex = 1; lastKnownFileType = text.xcconfig; name = "Pods-SosmedTests.debug.xcconfig"; path = "Target Support Files/Pods-SosmedTests/Pods-SosmedTests.debug.xcconfig"; sourceTree = "<group>"; };
		C65EB33355D23C40445717D6 /* Pods-Sosmed-SosmedUITests.debug.xcconfig */ = {isa = PBXFileReference; includeInIndex = 1; lastKnownFileType = text.xcconfig; name = "Pods-Sosmed-SosmedUITests.debug.xcconfig"; path = "Target Support Files/Pods-Sosmed-SosmedUITests/Pods-Sosmed-SosmedUITests.debug.xcconfig"; sourceTree = "<group>"; };
		E12C1415282760DB00D0BAA2 /* HomeCell.xib */ = {isa = PBXFileReference; lastKnownFileType = file.xib; path = HomeCell.xib; sourceTree = "<group>"; };
		E12C1417282760E500D0BAA2 /* HomeCell.swift */ = {isa = PBXFileReference; lastKnownFileType = sourcecode.swift; path = HomeCell.swift; sourceTree = "<group>"; };
		E12C141A282771CE00D0BAA2 /* UserModel.swift */ = {isa = PBXFileReference; lastKnownFileType = sourcecode.swift; path = UserModel.swift; sourceTree = "<group>"; };
		E12C141D282771FE00D0BAA2 /* UserViewModel.swift */ = {isa = PBXFileReference; lastKnownFileType = sourcecode.swift; path = UserViewModel.swift; sourceTree = "<group>"; };
		E19FD5232825127300A4178A /* Service.swift */ = {isa = PBXFileReference; lastKnownFileType = sourcecode.swift; path = Service.swift; sourceTree = "<group>"; };
		E19FD5252825152700A4178A /* PostModel.swift */ = {isa = PBXFileReference; lastKnownFileType = sourcecode.swift; path = PostModel.swift; sourceTree = "<group>"; };
		E19FD527282529AD00A4178A /* HomeViewModel.swift */ = {isa = PBXFileReference; lastKnownFileType = sourcecode.swift; path = HomeViewModel.swift; sourceTree = "<group>"; };
		E19FD52A28255F0A00A4178A /* Constant.swift */ = {isa = PBXFileReference; lastKnownFileType = sourcecode.swift; path = Constant.swift; sourceTree = "<group>"; };
		E1EF00C3281FF9050026A4FA /* Sosmed.app */ = {isa = PBXFileReference; explicitFileType = wrapper.application; includeInIndex = 0; path = Sosmed.app; sourceTree = BUILT_PRODUCTS_DIR; };
		E1EF00C6281FF9050026A4FA /* AppDelegate.swift */ = {isa = PBXFileReference; lastKnownFileType = sourcecode.swift; path = AppDelegate.swift; sourceTree = "<group>"; };
		E1EF00C8281FF9050026A4FA /* SceneDelegate.swift */ = {isa = PBXFileReference; lastKnownFileType = sourcecode.swift; path = SceneDelegate.swift; sourceTree = "<group>"; };
		E1EF00CA281FF9050026A4FA /* PostController.swift */ = {isa = PBXFileReference; lastKnownFileType = sourcecode.swift; path = PostController.swift; sourceTree = "<group>"; };
		E1EF00CF281FF9060026A4FA /* Assets.xcassets */ = {isa = PBXFileReference; lastKnownFileType = folder.assetcatalog; path = Assets.xcassets; sourceTree = "<group>"; };
		E1EF00D2281FF9060026A4FA /* Base */ = {isa = PBXFileReference; lastKnownFileType = file.storyboard; name = Base; path = Base.lproj/LaunchScreen.storyboard; sourceTree = "<group>"; };
		E1EF00D4281FF9060026A4FA /* Info.plist */ = {isa = PBXFileReference; lastKnownFileType = text.plist.xml; path = Info.plist; sourceTree = "<group>"; };
		E1EF00D9281FF9060026A4FA /* SosmedTests.xctest */ = {isa = PBXFileReference; explicitFileType = wrapper.cfbundle; includeInIndex = 0; path = SosmedTests.xctest; sourceTree = BUILT_PRODUCTS_DIR; };
		E1EF00DD281FF9060026A4FA /* SosmedTests.swift */ = {isa = PBXFileReference; lastKnownFileType = sourcecode.swift; path = SosmedTests.swift; sourceTree = "<group>"; };
		E1EF00E3281FF9060026A4FA /* SosmedUITests.xctest */ = {isa = PBXFileReference; explicitFileType = wrapper.cfbundle; includeInIndex = 0; path = SosmedUITests.xctest; sourceTree = BUILT_PRODUCTS_DIR; };
		E1EF00E7281FF9060026A4FA /* SosmedUITests.swift */ = {isa = PBXFileReference; lastKnownFileType = sourcecode.swift; path = SosmedUITests.swift; sourceTree = "<group>"; };
		E1EF00E9281FF9060026A4FA /* SosmedUITestsLaunchTests.swift */ = {isa = PBXFileReference; lastKnownFileType = sourcecode.swift; path = SosmedUITestsLaunchTests.swift; sourceTree = "<group>"; };
		E1EF00FD281FFA6A0026A4FA /* ControllerExtension.swift */ = {isa = PBXFileReference; lastKnownFileType = sourcecode.swift; path = ControllerExtension.swift; sourceTree = "<group>"; };
		E1EF01002820EF4B0026A4FA /* HomeController.swift */ = {isa = PBXFileReference; lastKnownFileType = sourcecode.swift; path = HomeController.swift; sourceTree = "<group>"; };
		E1EF01022820EF650026A4FA /* Home.storyboard */ = {isa = PBXFileReference; lastKnownFileType = file.storyboard; path = Home.storyboard; sourceTree = "<group>"; };
		E1EF01042820F03F0026A4FA /* PostController.xib */ = {isa = PBXFileReference; lastKnownFileType = file.xib; path = PostController.xib; sourceTree = "<group>"; };
		FB8359CFA062CBE026ED7545 /* Pods-SosmedTests.release.xcconfig */ = {isa = PBXFileReference; includeInIndex = 1; lastKnownFileType = text.xcconfig; name = "Pods-SosmedTests.release.xcconfig"; path = "Target Support Files/Pods-SosmedTests/Pods-SosmedTests.release.xcconfig"; sourceTree = "<group>"; };
/* End PBXFileReference section */

/* Begin PBXFrameworksBuildPhase section */
		E1EF00C0281FF9050026A4FA /* Frameworks */ = {
			isa = PBXFrameworksBuildPhase;
			buildActionMask = 2147483647;
			files = (
				0A1E095E51B821E5DFD667E3 /* Pods_Sosmed.framework in Frameworks */,
			);
			runOnlyForDeploymentPostprocessing = 0;
		};
		E1EF00D6281FF9060026A4FA /* Frameworks */ = {
			isa = PBXFrameworksBuildPhase;
			buildActionMask = 2147483647;
			files = (
				772B1CFA8011699D067361E9 /* Pods_SosmedTests.framework in Frameworks */,
			);
			runOnlyForDeploymentPostprocessing = 0;
		};
		E1EF00E0281FF9060026A4FA /* Frameworks */ = {
			isa = PBXFrameworksBuildPhase;
			buildActionMask = 2147483647;
			files = (
				7AFE6403BA114F2CE57D32EE /* Pods_Sosmed_SosmedUITests.framework in Frameworks */,
			);
			runOnlyForDeploymentPostprocessing = 0;
		};
/* End PBXFrameworksBuildPhase section */

/* Begin PBXGroup section */
		0A7297849C3A8993E4E889F6 /* Frameworks */ = {
			isa = PBXGroup;
			children = (
				393F802D7CF1044B6B26ACD1 /* Pods_Sosmed.framework */,
				A52D0EADEDFA9C54BE836830 /* Pods_Sosmed_SosmedUITests.framework */,
				A7EF9D4FFFD91FA8BBEC2EF3 /* Pods_SosmedTests.framework */,
			);
			name = Frameworks;
			sourceTree = "<group>";
		};
		7F53ED114A93F638C3B32A4B /* Pods */ = {
			isa = PBXGroup;
			children = (
				244BE852C0C0E7DE32A55C1D /* Pods-Sosmed.debug.xcconfig */,
				80A65DF9042AFD7B2E8A31D1 /* Pods-Sosmed.release.xcconfig */,
				C65EB33355D23C40445717D6 /* Pods-Sosmed-SosmedUITests.debug.xcconfig */,
				0B4B49FDF5010C05ED7F8C3D /* Pods-Sosmed-SosmedUITests.release.xcconfig */,
				C2D9AB83D49F34F54A9103D9 /* Pods-SosmedTests.debug.xcconfig */,
				FB8359CFA062CBE026ED7545 /* Pods-SosmedTests.release.xcconfig */,
			);
			path = Pods;
			sourceTree = "<group>";
		};
		E12C1414282760C500D0BAA2 /* Cell */ = {
			isa = PBXGroup;
			children = (
				E12C1417282760E500D0BAA2 /* HomeCell.swift */,
				E12C1415282760DB00D0BAA2 /* HomeCell.xib */,
			);
			path = Cell;
			sourceTree = "<group>";
		};
		E12C1419282771C100D0BAA2 /* Model */ = {
			isa = PBXGroup;
			children = (
				E12C141A282771CE00D0BAA2 /* UserModel.swift */,
			);
			path = Model;
			sourceTree = "<group>";
		};
		E12C141C282771E400D0BAA2 /* ViewModel */ = {
			isa = PBXGroup;
			children = (
				E12C141D282771FE00D0BAA2 /* UserViewModel.swift */,
			);
			path = ViewModel;
			sourceTree = "<group>";
		};
		E19FD5202825122C00A4178A /* ViewModel */ = {
			isa = PBXGroup;
			children = (
				E19FD527282529AD00A4178A /* HomeViewModel.swift */,
			);
			path = ViewModel;
			sourceTree = "<group>";
		};
		E19FD5212825125200A4178A /* View */ = {
			isa = PBXGroup;
			children = (
				E12C1414282760C500D0BAA2 /* Cell */,
				E1EF01002820EF4B0026A4FA /* HomeController.swift */,
				E1EF01022820EF650026A4FA /* Home.storyboard */,
			);
			path = View;
			sourceTree = "<group>";
		};
		E19FD5222825125800A4178A /* Model */ = {
			isa = PBXGroup;
			children = (
				E19FD5252825152700A4178A /* PostModel.swift */,
			);
			path = Model;
			sourceTree = "<group>";
		};
		E19FD52928255EFA00A4178A /* Constant */ = {
			isa = PBXGroup;
			children = (
				E19FD52A28255F0A00A4178A /* Constant.swift */,
			);
			path = Constant;
			sourceTree = "<group>";
		};
		E1EF00BA281FF9050026A4FA = {
			isa = PBXGroup;
			children = (
				E1EF00C5281FF9050026A4FA /* Sosmed */,
				E1EF00DC281FF9060026A4FA /* SosmedTests */,
				E1EF00E6281FF9060026A4FA /* SosmedUITests */,
				E1EF00C4281FF9050026A4FA /* Products */,
				7F53ED114A93F638C3B32A4B /* Pods */,
				0A7297849C3A8993E4E889F6 /* Frameworks */,
			);
			sourceTree = "<group>";
		};
		E1EF00C4281FF9050026A4FA /* Products */ = {
			isa = PBXGroup;
			children = (
				E1EF00C3281FF9050026A4FA /* Sosmed.app */,
				E1EF00D9281FF9060026A4FA /* SosmedTests.xctest */,
				E1EF00E3281FF9060026A4FA /* SosmedUITests.xctest */,
			);
			name = Products;
			sourceTree = "<group>";
		};
		E1EF00C5281FF9050026A4FA /* Sosmed */ = {
			isa = PBXGroup;
			children = (
				E1EF00F6281FF9860026A4FA /* Feature */,
				E1EF00F8281FF9AB0026A4FA /* Service */,
				E1EF00F9281FF9B50026A4FA /* Support */,
				E1EF00C6281FF9050026A4FA /* AppDelegate.swift */,
				E1EF00C8281FF9050026A4FA /* SceneDelegate.swift */,
				E1EF00CF281FF9060026A4FA /* Assets.xcassets */,
				E1EF00D4281FF9060026A4FA /* Info.plist */,
			);
			path = Sosmed;
			sourceTree = "<group>";
		};
		E1EF00DC281FF9060026A4FA /* SosmedTests */ = {
			isa = PBXGroup;
			children = (
				E1EF00DD281FF9060026A4FA /* SosmedTests.swift */,
			);
			path = SosmedTests;
			sourceTree = "<group>";
		};
		E1EF00E6281FF9060026A4FA /* SosmedUITests */ = {
			isa = PBXGroup;
			children = (
				E1EF00E7281FF9060026A4FA /* SosmedUITests.swift */,
				E1EF00E9281FF9060026A4FA /* SosmedUITestsLaunchTests.swift */,
			);
			path = SosmedUITests;
			sourceTree = "<group>";
		};
		E1EF00F6281FF9860026A4FA /* Feature */ = {
			isa = PBXGroup;
			children = (
				E1EF01062820F0EA0026A4FA /* LaunchScreen */,
				E1EF00FF2820EF1F0026A4FA /* Home */,
				E1EF00FB281FF9DD0026A4FA /* Post */,
				E1EF00FA281FF9D40026A4FA /* User */,
			);
			path = Feature;
			sourceTree = "<group>";
		};
		E1EF00F8281FF9AB0026A4FA /* Service */ = {
			isa = PBXGroup;
			children = (
				E19FD5232825127300A4178A /* Service.swift */,
			);
			path = Service;
			sourceTree = "<group>";
		};
		E1EF00F9281FF9B50026A4FA /* Support */ = {
			isa = PBXGroup;
			children = (
				E19FD52928255EFA00A4178A /* Constant */,
				E1EF00FC281FFA3C0026A4FA /* Extension */,
			);
			path = Support;
			sourceTree = "<group>";
		};
		E1EF00FA281FF9D40026A4FA /* User */ = {
			isa = PBXGroup;
			children = (
				E12C1419282771C100D0BAA2 /* Model */,
				E12C141C282771E400D0BAA2 /* ViewModel */,
			);
			path = User;
			sourceTree = "<group>";
		};
		E1EF00FB281FF9DD0026A4FA /* Post */ = {
			isa = PBXGroup;
			children = (
				E19FD5222825125800A4178A /* Model */,
				E1EF00CA281FF9050026A4FA /* PostController.swift */,
				E1EF01042820F03F0026A4FA /* PostController.xib */,
			);
			path = Post;
			sourceTree = "<group>";
		};
		E1EF00FC281FFA3C0026A4FA /* Extension */ = {
			isa = PBXGroup;
			children = (
				E1EF00FD281FFA6A0026A4FA /* ControllerExtension.swift */,
			);
			path = Extension;
			sourceTree = "<group>";
		};
		E1EF00FF2820EF1F0026A4FA /* Home */ = {
			isa = PBXGroup;
			children = (
				E19FD5212825125200A4178A /* View */,
				E19FD5202825122C00A4178A /* ViewModel */,
			);
			path = Home;
			sourceTree = "<group>";
		};
		E1EF01062820F0EA0026A4FA /* LaunchScreen */ = {
			isa = PBXGroup;
			children = (
				E1EF00D1281FF9060026A4FA /* LaunchScreen.storyboard */,
			);
			path = LaunchScreen;
			sourceTree = "<group>";
		};
/* End PBXGroup section */

/* Begin PBXNativeTarget section */
		E1EF00C2281FF9050026A4FA /* Sosmed */ = {
			isa = PBXNativeTarget;
			buildConfigurationList = E1EF00ED281FF9060026A4FA /* Build configuration list for PBXNativeTarget "Sosmed" */;
			buildPhases = (
				75242E8B0553BD6FE54F6A8D /* [CP] Check Pods Manifest.lock */,
				E1EF00BF281FF9050026A4FA /* Sources */,
				E1EF00C0281FF9050026A4FA /* Frameworks */,
				E1EF00C1281FF9050026A4FA /* Resources */,
				7E44FD5E2D0E75F71FD04CBD /* [CP] Embed Pods Frameworks */,
			);
			buildRules = (
			);
			dependencies = (
			);
			name = Sosmed;
			productName = Sosmed;
			productReference = E1EF00C3281FF9050026A4FA /* Sosmed.app */;
			productType = "com.apple.product-type.application";
		};
		E1EF00D8281FF9060026A4FA /* SosmedTests */ = {
			isa = PBXNativeTarget;
			buildConfigurationList = E1EF00F0281FF9060026A4FA /* Build configuration list for PBXNativeTarget "SosmedTests" */;
			buildPhases = (
				26D9052DA83BC68D14C9F4CF /* [CP] Check Pods Manifest.lock */,
				E1EF00D5281FF9060026A4FA /* Sources */,
				E1EF00D6281FF9060026A4FA /* Frameworks */,
				E1EF00D7281FF9060026A4FA /* Resources */,
			);
			buildRules = (
			);
			dependencies = (
				E1EF00DB281FF9060026A4FA /* PBXTargetDependency */,
			);
			name = SosmedTests;
			productName = SosmedTests;
			productReference = E1EF00D9281FF9060026A4FA /* SosmedTests.xctest */;
			productType = "com.apple.product-type.bundle.unit-test";
		};
		E1EF00E2281FF9060026A4FA /* SosmedUITests */ = {
			isa = PBXNativeTarget;
			buildConfigurationList = E1EF00F3281FF9060026A4FA /* Build configuration list for PBXNativeTarget "SosmedUITests" */;
			buildPhases = (
				9C74C93D6CAA08FAB49CA32C /* [CP] Check Pods Manifest.lock */,
				E1EF00DF281FF9060026A4FA /* Sources */,
				E1EF00E0281FF9060026A4FA /* Frameworks */,
				E1EF00E1281FF9060026A4FA /* Resources */,
				216CFCF3C575FAA35F6012E4 /* [CP] Embed Pods Frameworks */,
			);
			buildRules = (
			);
			dependencies = (
				E1EF00E5281FF9060026A4FA /* PBXTargetDependency */,
			);
			name = SosmedUITests;
			productName = SosmedUITests;
			productReference = E1EF00E3281FF9060026A4FA /* SosmedUITests.xctest */;
			productType = "com.apple.product-type.bundle.ui-testing";
		};
/* End PBXNativeTarget section */

/* Begin PBXProject section */
		E1EF00BB281FF9050026A4FA /* Project object */ = {
			isa = PBXProject;
			attributes = {
				BuildIndependentTargetsInParallel = 1;
				LastSwiftUpdateCheck = 1320;
				LastUpgradeCheck = 1320;
				TargetAttributes = {
					E1EF00C2281FF9050026A4FA = {
						CreatedOnToolsVersion = 13.2.1;
					};
					E1EF00D8281FF9060026A4FA = {
						CreatedOnToolsVersion = 13.2.1;
						TestTargetID = E1EF00C2281FF9050026A4FA;
					};
					E1EF00E2281FF9060026A4FA = {
						CreatedOnToolsVersion = 13.2.1;
						TestTargetID = E1EF00C2281FF9050026A4FA;
					};
				};
			};
			buildConfigurationList = E1EF00BE281FF9050026A4FA /* Build configuration list for PBXProject "Sosmed" */;
			compatibilityVersion = "Xcode 13.0";
			developmentRegion = en;
			hasScannedForEncodings = 0;
			knownRegions = (
				en,
				Base,
			);
			mainGroup = E1EF00BA281FF9050026A4FA;
			productRefGroup = E1EF00C4281FF9050026A4FA /* Products */;
			projectDirPath = "";
			projectRoot = "";
			targets = (
				E1EF00C2281FF9050026A4FA /* Sosmed */,
				E1EF00D8281FF9060026A4FA /* SosmedTests */,
				E1EF00E2281FF9060026A4FA /* SosmedUITests */,
			);
		};
/* End PBXProject section */

/* Begin PBXResourcesBuildPhase section */
		E1EF00C1281FF9050026A4FA /* Resources */ = {
			isa = PBXResourcesBuildPhase;
			buildActionMask = 2147483647;
			files = (
				E1EF00D3281FF9060026A4FA /* LaunchScreen.storyboard in Resources */,
				E1EF01052820F03F0026A4FA /* PostController.xib in Resources */,
				E1EF00D0281FF9060026A4FA /* Assets.xcassets in Resources */,
				E1EF01032820EF650026A4FA /* Home.storyboard in Resources */,
				E12C1416282760DB00D0BAA2 /* HomeCell.xib in Resources */,
			);
			runOnlyForDeploymentPostprocessing = 0;
		};
		E1EF00D7281FF9060026A4FA /* Resources */ = {
			isa = PBXResourcesBuildPhase;
			buildActionMask = 2147483647;
			files = (
			);
			runOnlyForDeploymentPostprocessing = 0;
		};
		E1EF00E1281FF9060026A4FA /* Resources */ = {
			isa = PBXResourcesBuildPhase;
			buildActionMask = 2147483647;
			files = (
			);
			runOnlyForDeploymentPostprocessing = 0;
		};
/* End PBXResourcesBuildPhase section */

/* Begin PBXShellScriptBuildPhase section */
		216CFCF3C575FAA35F6012E4 /* [CP] Embed Pods Frameworks */ = {
			isa = PBXShellScriptBuildPhase;
			buildActionMask = 2147483647;
			files = (
			);
			inputFileListPaths = (
				"${PODS_ROOT}/Target Support Files/Pods-Sosmed-SosmedUITests/Pods-Sosmed-SosmedUITests-frameworks-${CONFIGURATION}-input-files.xcfilelist",
			);
			name = "[CP] Embed Pods Frameworks";
			outputFileListPaths = (
				"${PODS_ROOT}/Target Support Files/Pods-Sosmed-SosmedUITests/Pods-Sosmed-SosmedUITests-frameworks-${CONFIGURATION}-output-files.xcfilelist",
			);
			runOnlyForDeploymentPostprocessing = 0;
			shellPath = /bin/sh;
			shellScript = "\"${PODS_ROOT}/Target Support Files/Pods-Sosmed-SosmedUITests/Pods-Sosmed-SosmedUITests-frameworks.sh\"\n";
			showEnvVarsInLog = 0;
		};
		26D9052DA83BC68D14C9F4CF /* [CP] Check Pods Manifest.lock */ = {
			isa = PBXShellScriptBuildPhase;
			buildActionMask = 2147483647;
			files = (
			);
			inputFileListPaths = (
			);
			inputPaths = (
				"${PODS_PODFILE_DIR_PATH}/Podfile.lock",
				"${PODS_ROOT}/Manifest.lock",
			);
			name = "[CP] Check Pods Manifest.lock";
			outputFileListPaths = (
			);
			outputPaths = (
				"$(DERIVED_FILE_DIR)/Pods-SosmedTests-checkManifestLockResult.txt",
			);
			runOnlyForDeploymentPostprocessing = 0;
			shellPath = /bin/sh;
			shellScript = "diff \"${PODS_PODFILE_DIR_PATH}/Podfile.lock\" \"${PODS_ROOT}/Manifest.lock\" > /dev/null\nif [ $? != 0 ] ; then\n    # print error to STDERR\n    echo \"error: The sandbox is not in sync with the Podfile.lock. Run 'pod install' or update your CocoaPods installation.\" >&2\n    exit 1\nfi\n# This output is used by Xcode 'outputs' to avoid re-running this script phase.\necho \"SUCCESS\" > \"${SCRIPT_OUTPUT_FILE_0}\"\n";
			showEnvVarsInLog = 0;
		};
		75242E8B0553BD6FE54F6A8D /* [CP] Check Pods Manifest.lock */ = {
			isa = PBXShellScriptBuildPhase;
			buildActionMask = 2147483647;
			files = (
			);
			inputFileListPaths = (
			);
			inputPaths = (
				"${PODS_PODFILE_DIR_PATH}/Podfile.lock",
				"${PODS_ROOT}/Manifest.lock",
			);
			name = "[CP] Check Pods Manifest.lock";
			outputFileListPaths = (
			);
			outputPaths = (
				"$(DERIVED_FILE_DIR)/Pods-Sosmed-checkManifestLockResult.txt",
			);
			runOnlyForDeploymentPostprocessing = 0;
			shellPath = /bin/sh;
			shellScript = "diff \"${PODS_PODFILE_DIR_PATH}/Podfile.lock\" \"${PODS_ROOT}/Manifest.lock\" > /dev/null\nif [ $? != 0 ] ; then\n    # print error to STDERR\n    echo \"error: The sandbox is not in sync with the Podfile.lock. Run 'pod install' or update your CocoaPods installation.\" >&2\n    exit 1\nfi\n# This output is used by Xcode 'outputs' to avoid re-running this script phase.\necho \"SUCCESS\" > \"${SCRIPT_OUTPUT_FILE_0}\"\n";
			showEnvVarsInLog = 0;
		};
		7E44FD5E2D0E75F71FD04CBD /* [CP] Embed Pods Frameworks */ = {
			isa = PBXShellScriptBuildPhase;
			buildActionMask = 2147483647;
			files = (
			);
			inputFileListPaths = (
				"${PODS_ROOT}/Target Support Files/Pods-Sosmed/Pods-Sosmed-frameworks-${CONFIGURATION}-input-files.xcfilelist",
			);
			name = "[CP] Embed Pods Frameworks";
			outputFileListPaths = (
				"${PODS_ROOT}/Target Support Files/Pods-Sosmed/Pods-Sosmed-frameworks-${CONFIGURATION}-output-files.xcfilelist",
			);
			runOnlyForDeploymentPostprocessing = 0;
			shellPath = /bin/sh;
			shellScript = "\"${PODS_ROOT}/Target Support Files/Pods-Sosmed/Pods-Sosmed-frameworks.sh\"\n";
			showEnvVarsInLog = 0;
		};
		9C74C93D6CAA08FAB49CA32C /* [CP] Check Pods Manifest.lock */ = {
			isa = PBXShellScriptBuildPhase;
			buildActionMask = 2147483647;
			files = (
			);
			inputFileListPaths = (
			);
			inputPaths = (
				"${PODS_PODFILE_DIR_PATH}/Podfile.lock",
				"${PODS_ROOT}/Manifest.lock",
			);
			name = "[CP] Check Pods Manifest.lock";
			outputFileListPaths = (
			);
			outputPaths = (
				"$(DERIVED_FILE_DIR)/Pods-Sosmed-SosmedUITests-checkManifestLockResult.txt",
			);
			runOnlyForDeploymentPostprocessing = 0;
			shellPath = /bin/sh;
			shellScript = "diff \"${PODS_PODFILE_DIR_PATH}/Podfile.lock\" \"${PODS_ROOT}/Manifest.lock\" > /dev/null\nif [ $? != 0 ] ; then\n    # print error to STDERR\n    echo \"error: The sandbox is not in sync with the Podfile.lock. Run 'pod install' or update your CocoaPods installation.\" >&2\n    exit 1\nfi\n# This output is used by Xcode 'outputs' to avoid re-running this script phase.\necho \"SUCCESS\" > \"${SCRIPT_OUTPUT_FILE_0}\"\n";
			showEnvVarsInLog = 0;
		};
/* End PBXShellScriptBuildPhase section */

/* Begin PBXSourcesBuildPhase section */
		E1EF00BF281FF9050026A4FA /* Sources */ = {
			isa = PBXSourcesBuildPhase;
			buildActionMask = 2147483647;
			files = (
				E1EF00CB281FF9050026A4FA /* PostController.swift in Sources */,
				E12C141E282771FE00D0BAA2 /* UserViewModel.swift in Sources */,
				E1EF00FE281FFA6A0026A4FA /* ControllerExtension.swift in Sources */,
				E19FD52B28255F0A00A4178A /* Constant.swift in Sources */,
				E1EF00C7281FF9050026A4FA /* AppDelegate.swift in Sources */,
				E12C1418282760E500D0BAA2 /* HomeCell.swift in Sources */,
				E19FD528282529AD00A4178A /* HomeViewModel.swift in Sources */,
				E19FD5262825152700A4178A /* PostModel.swift in Sources */,
				E1EF00C9281FF9050026A4FA /* SceneDelegate.swift in Sources */,
				E1EF01012820EF4B0026A4FA /* HomeController.swift in Sources */,
				E19FD5242825127300A4178A /* Service.swift in Sources */,
				E12C141B282771CE00D0BAA2 /* UserModel.swift in Sources */,
			);
			runOnlyForDeploymentPostprocessing = 0;
		};
		E1EF00D5281FF9060026A4FA /* Sources */ = {
			isa = PBXSourcesBuildPhase;
			buildActionMask = 2147483647;
			files = (
				E1EF00DE281FF9060026A4FA /* SosmedTests.swift in Sources */,
			);
			runOnlyForDeploymentPostprocessing = 0;
		};
		E1EF00DF281FF9060026A4FA /* Sources */ = {
			isa = PBXSourcesBuildPhase;
			buildActionMask = 2147483647;
			files = (
				E1EF00E8281FF9060026A4FA /* SosmedUITests.swift in Sources */,
				E1EF00EA281FF9060026A4FA /* SosmedUITestsLaunchTests.swift in Sources */,
			);
			runOnlyForDeploymentPostprocessing = 0;
		};
/* End PBXSourcesBuildPhase section */

/* Begin PBXTargetDependency section */
		E1EF00DB281FF9060026A4FA /* PBXTargetDependency */ = {
			isa = PBXTargetDependency;
			target = E1EF00C2281FF9050026A4FA /* Sosmed */;
			targetProxy = E1EF00DA281FF9060026A4FA /* PBXContainerItemProxy */;
		};
		E1EF00E5281FF9060026A4FA /* PBXTargetDependency */ = {
			isa = PBXTargetDependency;
			target = E1EF00C2281FF9050026A4FA /* Sosmed */;
			targetProxy = E1EF00E4281FF9060026A4FA /* PBXContainerItemProxy */;
		};
/* End PBXTargetDependency section */

/* Begin PBXVariantGroup section */
		E1EF00D1281FF9060026A4FA /* LaunchScreen.storyboard */ = {
			isa = PBXVariantGroup;
			children = (
				E1EF00D2281FF9060026A4FA /* Base */,
			);
			name = LaunchScreen.storyboard;
			sourceTree = "<group>";
		};
/* End PBXVariantGroup section */

/* Begin XCBuildConfiguration section */
		E1EF00EB281FF9060026A4FA /* Debug */ = {
			isa = XCBuildConfiguration;
			buildSettings = {
				ALWAYS_SEARCH_USER_PATHS = NO;
				CLANG_ANALYZER_NONNULL = YES;
				CLANG_ANALYZER_NUMBER_OBJECT_CONVERSION = YES_AGGRESSIVE;
				CLANG_CXX_LANGUAGE_STANDARD = "gnu++17";
				CLANG_CXX_LIBRARY = "libc++";
				CLANG_ENABLE_MODULES = YES;
				CLANG_ENABLE_OBJC_ARC = YES;
				CLANG_ENABLE_OBJC_WEAK = YES;
				CLANG_WARN_BLOCK_CAPTURE_AUTORELEASING = YES;
				CLANG_WARN_BOOL_CONVERSION = YES;
				CLANG_WARN_COMMA = YES;
				CLANG_WARN_CONSTANT_CONVERSION = YES;
				CLANG_WARN_DEPRECATED_OBJC_IMPLEMENTATIONS = YES;
				CLANG_WARN_DIRECT_OBJC_ISA_USAGE = YES_ERROR;
				CLANG_WARN_DOCUMENTATION_COMMENTS = YES;
				CLANG_WARN_EMPTY_BODY = YES;
				CLANG_WARN_ENUM_CONVERSION = YES;
				CLANG_WARN_INFINITE_RECURSION = YES;
				CLANG_WARN_INT_CONVERSION = YES;
				CLANG_WARN_NON_LITERAL_NULL_CONVERSION = YES;
				CLANG_WARN_OBJC_IMPLICIT_RETAIN_SELF = YES;
				CLANG_WARN_OBJC_LITERAL_CONVERSION = YES;
				CLANG_WARN_OBJC_ROOT_CLASS = YES_ERROR;
				CLANG_WARN_QUOTED_INCLUDE_IN_FRAMEWORK_HEADER = YES;
				CLANG_WARN_RANGE_LOOP_ANALYSIS = YES;
				CLANG_WARN_STRICT_PROTOTYPES = YES;
				CLANG_WARN_SUSPICIOUS_MOVE = YES;
				CLANG_WARN_UNGUARDED_AVAILABILITY = YES_AGGRESSIVE;
				CLANG_WARN_UNREACHABLE_CODE = YES;
				CLANG_WARN__DUPLICATE_METHOD_MATCH = YES;
				COPY_PHASE_STRIP = NO;
				DEBUG_INFORMATION_FORMAT = dwarf;
				ENABLE_STRICT_OBJC_MSGSEND = YES;
				ENABLE_TESTABILITY = YES;
				GCC_C_LANGUAGE_STANDARD = gnu11;
				GCC_DYNAMIC_NO_PIC = NO;
				GCC_NO_COMMON_BLOCKS = YES;
				GCC_OPTIMIZATION_LEVEL = 0;
				GCC_PREPROCESSOR_DEFINITIONS = (
					"DEBUG=1",
					"$(inherited)",
				);
				GCC_WARN_64_TO_32_BIT_CONVERSION = YES;
				GCC_WARN_ABOUT_RETURN_TYPE = YES_ERROR;
				GCC_WARN_UNDECLARED_SELECTOR = YES;
				GCC_WARN_UNINITIALIZED_AUTOS = YES_AGGRESSIVE;
				GCC_WARN_UNUSED_FUNCTION = YES;
				GCC_WARN_UNUSED_VARIABLE = YES;
				IPHONEOS_DEPLOYMENT_TARGET = 15.2;
				MTL_ENABLE_DEBUG_INFO = INCLUDE_SOURCE;
				MTL_FAST_MATH = YES;
				ONLY_ACTIVE_ARCH = YES;
				SDKROOT = iphoneos;
				SWIFT_ACTIVE_COMPILATION_CONDITIONS = DEBUG;
				SWIFT_OPTIMIZATION_LEVEL = "-Onone";
			};
			name = Debug;
		};
		E1EF00EC281FF9060026A4FA /* Release */ = {
			isa = XCBuildConfiguration;
			buildSettings = {
				ALWAYS_SEARCH_USER_PATHS = NO;
				CLANG_ANALYZER_NONNULL = YES;
				CLANG_ANALYZER_NUMBER_OBJECT_CONVERSION = YES_AGGRESSIVE;
				CLANG_CXX_LANGUAGE_STANDARD = "gnu++17";
				CLANG_CXX_LIBRARY = "libc++";
				CLANG_ENABLE_MODULES = YES;
				CLANG_ENABLE_OBJC_ARC = YES;
				CLANG_ENABLE_OBJC_WEAK = YES;
				CLANG_WARN_BLOCK_CAPTURE_AUTORELEASING = YES;
				CLANG_WARN_BOOL_CONVERSION = YES;
				CLANG_WARN_COMMA = YES;
				CLANG_WARN_CONSTANT_CONVERSION = YES;
				CLANG_WARN_DEPRECATED_OBJC_IMPLEMENTATIONS = YES;
				CLANG_WARN_DIRECT_OBJC_ISA_USAGE = YES_ERROR;
				CLANG_WARN_DOCUMENTATION_COMMENTS = YES;
				CLANG_WARN_EMPTY_BODY = YES;
				CLANG_WARN_ENUM_CONVERSION = YES;
				CLANG_WARN_INFINITE_RECURSION = YES;
				CLANG_WARN_INT_CONVERSION = YES;
				CLANG_WARN_NON_LITERAL_NULL_CONVERSION = YES;
				CLANG_WARN_OBJC_IMPLICIT_RETAIN_SELF = YES;
				CLANG_WARN_OBJC_LITERAL_CONVERSION = YES;
				CLANG_WARN_OBJC_ROOT_CLASS = YES_ERROR;
				CLANG_WARN_QUOTED_INCLUDE_IN_FRAMEWORK_HEADER = YES;
				CLANG_WARN_RANGE_LOOP_ANALYSIS = YES;
				CLANG_WARN_STRICT_PROTOTYPES = YES;
				CLANG_WARN_SUSPICIOUS_MOVE = YES;
				CLANG_WARN_UNGUARDED_AVAILABILITY = YES_AGGRESSIVE;
				CLANG_WARN_UNREACHABLE_CODE = YES;
				CLANG_WARN__DUPLICATE_METHOD_MATCH = YES;
				COPY_PHASE_STRIP = NO;
				DEBUG_INFORMATION_FORMAT = "dwarf-with-dsym";
				ENABLE_NS_ASSERTIONS = NO;
				ENABLE_STRICT_OBJC_MSGSEND = YES;
				GCC_C_LANGUAGE_STANDARD = gnu11;
				GCC_NO_COMMON_BLOCKS = YES;
				GCC_WARN_64_TO_32_BIT_CONVERSION = YES;
				GCC_WARN_ABOUT_RETURN_TYPE = YES_ERROR;
				GCC_WARN_UNDECLARED_SELECTOR = YES;
				GCC_WARN_UNINITIALIZED_AUTOS = YES_AGGRESSIVE;
				GCC_WARN_UNUSED_FUNCTION = YES;
				GCC_WARN_UNUSED_VARIABLE = YES;
				IPHONEOS_DEPLOYMENT_TARGET = 15.2;
				MTL_ENABLE_DEBUG_INFO = NO;
				MTL_FAST_MATH = YES;
				SDKROOT = iphoneos;
				SWIFT_COMPILATION_MODE = wholemodule;
				SWIFT_OPTIMIZATION_LEVEL = "-O";
				VALIDATE_PRODUCT = YES;
			};
			name = Release;
		};
		E1EF00EE281FF9060026A4FA /* Debug */ = {
			isa = XCBuildConfiguration;
			baseConfigurationReference = 244BE852C0C0E7DE32A55C1D /* Pods-Sosmed.debug.xcconfig */;
			buildSettings = {
				ASSETCATALOG_COMPILER_APPICON_NAME = AppIcon;
				ASSETCATALOG_COMPILER_GLOBAL_ACCENT_COLOR_NAME = AccentColor;
				CODE_SIGN_STYLE = Automatic;
				CURRENT_PROJECT_VERSION = 1;
				GENERATE_INFOPLIST_FILE = YES;
				INFOPLIST_FILE = Sosmed/Info.plist;
				INFOPLIST_KEY_UIApplicationSupportsIndirectInputEvents = YES;
				INFOPLIST_KEY_UILaunchStoryboardName = LaunchScreen;
				INFOPLIST_KEY_UIMainStoryboardFile = Home;
				INFOPLIST_KEY_UISupportedInterfaceOrientations = UIInterfaceOrientationPortrait;
				INFOPLIST_KEY_UISupportedInterfaceOrientations_iPad = "UIInterfaceOrientationPortrait UIInterfaceOrientationPortraitUpsideDown UIInterfaceOrientationLandscapeLeft UIInterfaceOrientationLandscapeRight";
				INFOPLIST_KEY_UISupportedInterfaceOrientations_iPhone = "UIInterfaceOrientationPortrait UIInterfaceOrientationLandscapeLeft UIInterfaceOrientationLandscapeRight";
				LD_RUNPATH_SEARCH_PATHS = (
					"$(inherited)",
					"@executable_path/Frameworks",
				);
				MARKETING_VERSION = 1.0;
				PRODUCT_BUNDLE_IDENTIFIER = com.Sosmed;
				PRODUCT_NAME = "$(TARGET_NAME)";
				SWIFT_EMIT_LOC_STRINGS = YES;
				SWIFT_VERSION = 5.0;
				TARGETED_DEVICE_FAMILY = "1,2";
			};
			name = Debug;
		};
		E1EF00EF281FF9060026A4FA /* Release */ = {
			isa = XCBuildConfiguration;
			baseConfigurationReference = 80A65DF9042AFD7B2E8A31D1 /* Pods-Sosmed.release.xcconfig */;
			buildSettings = {
				ASSETCATALOG_COMPILER_APPICON_NAME = AppIcon;
				ASSETCATALOG_COMPILER_GLOBAL_ACCENT_COLOR_NAME = AccentColor;
				CODE_SIGN_STYLE = Automatic;
				CURRENT_PROJECT_VERSION = 1;
				GENERATE_INFOPLIST_FILE = YES;
				INFOPLIST_FILE = Sosmed/Info.plist;
				INFOPLIST_KEY_UIApplicationSupportsIndirectInputEvents = YES;
				INFOPLIST_KEY_UILaunchStoryboardName = LaunchScreen;
				INFOPLIST_KEY_UIMainStoryboardFile = Home;
				INFOPLIST_KEY_UISupportedInterfaceOrientations = UIInterfaceOrientationPortrait;
				INFOPLIST_KEY_UISupportedInterfaceOrientations_iPad = "UIInterfaceOrientationPortrait UIInterfaceOrientationPortraitUpsideDown UIInterfaceOrientationLandscapeLeft UIInterfaceOrientationLandscapeRight";
				INFOPLIST_KEY_UISupportedInterfaceOrientations_iPhone = "UIInterfaceOrientationPortrait UIInterfaceOrientationLandscapeLeft UIInterfaceOrientationLandscapeRight";
				LD_RUNPATH_SEARCH_PATHS = (
					"$(inherited)",
					"@executable_path/Frameworks",
				);
				MARKETING_VERSION = 1.0;
				PRODUCT_BUNDLE_IDENTIFIER = com.Sosmed;
				PRODUCT_NAME = "$(TARGET_NAME)";
				SWIFT_EMIT_LOC_STRINGS = YES;
				SWIFT_VERSION = 5.0;
				TARGETED_DEVICE_FAMILY = "1,2";
			};
			name = Release;
		};
		E1EF00F1281FF9060026A4FA /* Debug */ = {
			isa = XCBuildConfiguration;
			baseConfigurationReference = C2D9AB83D49F34F54A9103D9 /* Pods-SosmedTests.debug.xcconfig */;
			buildSettings = {
				ALWAYS_EMBED_SWIFT_STANDARD_LIBRARIES = YES;
				BUNDLE_LOADER = "$(TEST_HOST)";
				CODE_SIGN_STYLE = Automatic;
				CURRENT_PROJECT_VERSION = 1;
				GENERATE_INFOPLIST_FILE = YES;
				IPHONEOS_DEPLOYMENT_TARGET = 15.2;
				MARKETING_VERSION = 1.0;
				PRODUCT_BUNDLE_IDENTIFIER = com.SosmedTests;
				PRODUCT_NAME = "$(TARGET_NAME)";
				SWIFT_EMIT_LOC_STRINGS = NO;
				SWIFT_VERSION = 5.0;
				TARGETED_DEVICE_FAMILY = "1,2";
				TEST_HOST = "$(BUILT_PRODUCTS_DIR)/Sosmed.app/Sosmed";
			};
			name = Debug;
		};
		E1EF00F2281FF9060026A4FA /* Release */ = {
			isa = XCBuildConfiguration;
			baseConfigurationReference = FB8359CFA062CBE026ED7545 /* Pods-SosmedTests.release.xcconfig */;
			buildSettings = {
				ALWAYS_EMBED_SWIFT_STANDARD_LIBRARIES = YES;
				BUNDLE_LOADER = "$(TEST_HOST)";
				CODE_SIGN_STYLE = Automatic;
				CURRENT_PROJECT_VERSION = 1;
				GENERATE_INFOPLIST_FILE = YES;
				IPHONEOS_DEPLOYMENT_TARGET = 15.2;
				MARKETING_VERSION = 1.0;
				PRODUCT_BUNDLE_IDENTIFIER = com.SosmedTests;
				PRODUCT_NAME = "$(TARGET_NAME)";
				SWIFT_EMIT_LOC_STRINGS = NO;
				SWIFT_VERSION = 5.0;
				TARGETED_DEVICE_FAMILY = "1,2";
				TEST_HOST = "$(BUILT_PRODUCTS_DIR)/Sosmed.app/Sosmed";
			};
			name = Release;
		};
		E1EF00F4281FF9060026A4FA /* Debug */ = {
			isa = XCBuildConfiguration;
			baseConfigurationReference = C65EB33355D23C40445717D6 /* Pods-Sosmed-SosmedUITests.debug.xcconfig */;
			buildSettings = {
				ALWAYS_EMBED_SWIFT_STANDARD_LIBRARIES = YES;
				CODE_SIGN_STYLE = Automatic;
				CURRENT_PROJECT_VERSION = 1;
				GENERATE_INFOPLIST_FILE = YES;
				MARKETING_VERSION = 1.0;
				PRODUCT_BUNDLE_IDENTIFIER = com.SosmedUITests;
				PRODUCT_NAME = "$(TARGET_NAME)";
				SWIFT_EMIT_LOC_STRINGS = NO;
				SWIFT_VERSION = 5.0;
				TARGETED_DEVICE_FAMILY = "1,2";
				TEST_TARGET_NAME = Sosmed;
			};
			name = Debug;
		};
		E1EF00F5281FF9060026A4FA /* Release */ = {
			isa = XCBuildConfiguration;
			baseConfigurationReference = 0B4B49FDF5010C05ED7F8C3D /* Pods-Sosmed-SosmedUITests.release.xcconfig */;
			buildSettings = {
				ALWAYS_EMBED_SWIFT_STANDARD_LIBRARIES = YES;
				CODE_SIGN_STYLE = Automatic;
				CURRENT_PROJECT_VERSION = 1;
				GENERATE_INFOPLIST_FILE = YES;
				MARKETING_VERSION = 1.0;
				PRODUCT_BUNDLE_IDENTIFIER = com.SosmedUITests;
				PRODUCT_NAME = "$(TARGET_NAME)";
				SWIFT_EMIT_LOC_STRINGS = NO;
				SWIFT_VERSION = 5.0;
				TARGETED_DEVICE_FAMILY = "1,2";
				TEST_TARGET_NAME = Sosmed;
			};
			name = Release;
		};
/* End XCBuildConfiguration section */

/* Begin XCConfigurationList section */
		E1EF00BE281FF9050026A4FA /* Build configuration list for PBXProject "Sosmed" */ = {
			isa = XCConfigurationList;
			buildConfigurations = (
				E1EF00EB281FF9060026A4FA /* Debug */,
				E1EF00EC281FF9060026A4FA /* Release */,
			);
			defaultConfigurationIsVisible = 0;
			defaultConfigurationName = Release;
		};
		E1EF00ED281FF9060026A4FA /* Build configuration list for PBXNativeTarget "Sosmed" */ = {
			isa = XCConfigurationList;
			buildConfigurations = (
				E1EF00EE281FF9060026A4FA /* Debug */,
				E1EF00EF281FF9060026A4FA /* Release */,
			);
			defaultConfigurationIsVisible = 0;
			defaultConfigurationName = Release;
		};
		E1EF00F0281FF9060026A4FA /* Build configuration list for PBXNativeTarget "SosmedTests" */ = {
			isa = XCConfigurationList;
			buildConfigurations = (
				E1EF00F1281FF9060026A4FA /* Debug */,
				E1EF00F2281FF9060026A4FA /* Release */,
			);
			defaultConfigurationIsVisible = 0;
			defaultConfigurationName = Release;
		};
		E1EF00F3281FF9060026A4FA /* Build configuration list for PBXNativeTarget "SosmedUITests" */ = {
			isa = XCConfigurationList;
			buildConfigurations = (
				E1EF00F4281FF9060026A4FA /* Debug */,
				E1EF00F5281FF9060026A4FA /* Release */,
			);
			defaultConfigurationIsVisible = 0;
			defaultConfigurationName = Release;
		};
/* End XCConfigurationList section */
	};
	rootObject = E1EF00BB281FF9050026A4FA /* Project object */;
}
